
Microsoft Visual Studio Solution File, Format Version 12.00
# Visual Studio 15
VisualStudioVersion = 15.0.28307.852
MinimumVisualStudioVersion = 10.0.40219.1
Project("{FAE04EC0-301F-11D3-BF4B-00C04F79EFBC}") = "Music", "Music\Music.csproj", "{977857C1-A1D7-49E7-8C84-B473198B7AEA}"
EndProject
Global
	GlobalSection(SolutionConfigurationPlatforms) = preSolution
		Debug|Any CPU = Debug|Any CPU
		Release|Any CPU = Release|Any CPU
	EndGlobalSection
	GlobalSection(ProjectConfigurationPlatforms) = postSolution
		{977857C1-A1D7-49E7-8C84-B473198B7AEA}.Debug|Any CPU.ActiveCfg = Debug|Any CPU
		{977857C1-A1D7-49E7-8C84-B473198B7AEA}.Debug|Any CPU.Build.0 = Debug|Any CPU
		{977857C1-A1D7-49E7-8C84-B473198B7AEA}.Release|Any CPU.ActiveCfg = Release|Any CPU
		{977857C1-A1D7-49E7-8C84-B473198B7AEA}.Release|Any CPU.Build.0 = Release|Any CPU
	EndGlobalSection
	GlobalSection(SolutionProperties) = preSolution
		HideSolutionNode = FALSE
	EndGlobalSection
	GlobalSection(ExtensibilityGlobals) = postSolution
		SolutionGuid = {0D17236C-8D0A-4689-8D4D-A52205122A15}
	EndGlobalSection
EndGlobal
